// !$*UTF8*$!
{
	archiveVersion = 1;
	classes = {
	};
	objectVersion = 55;
	objects = {

/* Begin PBXBuildFile section */
		7008AA6B272987530016A583 /* AppDelegate.swift in Sources */ = {isa = PBXBuildFile; fileRef = 7008AA6A272987530016A583 /* AppDelegate.swift */; };
		7008AA6D272987530016A583 /* SceneDelegate.swift in Sources */ = {isa = PBXBuildFile; fileRef = 7008AA6C272987530016A583 /* SceneDelegate.swift */; };
		7008AA6F272987530016A583 /* MainVC.swift in Sources */ = {isa = PBXBuildFile; fileRef = 7008AA6E272987530016A583 /* MainVC.swift */; };
		7008AA74272987550016A583 /* Assets.xcassets in Resources */ = {isa = PBXBuildFile; fileRef = 7008AA73272987550016A583 /* Assets.xcassets */; };
		7008AA77272987550016A583 /* LaunchScreen.storyboard in Resources */ = {isa = PBXBuildFile; fileRef = 7008AA75272987550016A583 /* LaunchScreen.storyboard */; };
		7008AA82272987550016A583 /* KursyNBPTests.swift in Sources */ = {isa = PBXBuildFile; fileRef = 7008AA81272987550016A583 /* KursyNBPTests.swift */; };
		70269362272C0E8A00B9C8DD /* DetailsVC.swift in Sources */ = {isa = PBXBuildFile; fileRef = 70269361272C0E8A00B9C8DD /* DetailsVC.swift */; };
		70269364272C0ED500B9C8DD /* MainViewCell.swift in Sources */ = {isa = PBXBuildFile; fileRef = 70269363272C0ED500B9C8DD /* MainViewCell.swift */; };
		70269366272C0EE300B9C8DD /* DetailViewCell.swift in Sources */ = {isa = PBXBuildFile; fileRef = 70269365272C0EE300B9C8DD /* DetailViewCell.swift */; };
		7026936A272C392000B9C8DD /* DispatchQueue.swift in Sources */ = {isa = PBXBuildFile; fileRef = 70269369272C392000B9C8DD /* DispatchQueue.swift */; };
		7026936E272C479000B9C8DD /* ABTable.swift in Sources */ = {isa = PBXBuildFile; fileRef = 7026936D272C479000B9C8DD /* ABTable.swift */; };
		70269370272C4F6000B9C8DD /* Networking.swift in Sources */ = {isa = PBXBuildFile; fileRef = 7026936F272C4F6000B9C8DD /* Networking.swift */; };
		70269377272C545200B9C8DD /* DataService.swift in Sources */ = {isa = PBXBuildFile; fileRef = 70269376272C545200B9C8DD /* DataService.swift */; };
		70269379272C54D200B9C8DD /* CTable.swift in Sources */ = {isa = PBXBuildFile; fileRef = 70269378272C54D200B9C8DD /* CTable.swift */; };
		7026937B272C5FC400B9C8DD /* Currency.swift in Sources */ = {isa = PBXBuildFile; fileRef = 7026937A272C5FC400B9C8DD /* Currency.swift */; };
		70269381272C918800B9C8DD /* Helpers.swift in Sources */ = {isa = PBXBuildFile; fileRef = 70269380272C918800B9C8DD /* Helpers.swift */; };
		70269383272D46EF00B9C8DD /* Decimal.swift in Sources */ = {isa = PBXBuildFile; fileRef = 70269382272D46EF00B9C8DD /* Decimal.swift */; };
		702693852730371A00B9C8DD /* Main.storyboard in Resources */ = {isa = PBXBuildFile; fileRef = 702693842730371A00B9C8DD /* Main.storyboard */; };
		7026938727304F0C00B9C8DD /* Errors.swift in Sources */ = {isa = PBXBuildFile; fileRef = 7026938627304F0C00B9C8DD /* Errors.swift */; };
		70893821273102C900942294 /* ABTableHist.swift in Sources */ = {isa = PBXBuildFile; fileRef = 70893820273102C900942294 /* ABTableHist.swift */; };
		70893823273102DB00942294 /* CTableHist.swift in Sources */ = {isa = PBXBuildFile; fileRef = 70893822273102DB00942294 /* CTableHist.swift */; };
/* End PBXBuildFile section */

/* Begin PBXContainerItemProxy section */
		7008AA7E272987550016A583 /* PBXContainerItemProxy */ = {
			isa = PBXContainerItemProxy;
			containerPortal = 7008AA5F272987530016A583 /* Project object */;
			proxyType = 1;
			remoteGlobalIDString = 7008AA66272987530016A583;
			remoteInfo = KursyNBP;
		};
		7008AA88272987550016A583 /* PBXContainerItemProxy */ = {
			isa = PBXContainerItemProxy;
			containerPortal = 7008AA5F272987530016A583 /* Project object */;
			proxyType = 1;
			remoteGlobalIDString = 7008AA66272987530016A583;
			remoteInfo = KursyNBP;
		};
/* End PBXContainerItemProxy section */

/* Begin PBXFileReference section */
		7008AA67272987530016A583 /* KursyNBP.app */ = {isa = PBXFileReference; explicitFileType = wrapper.application; includeInIndex = 0; path = KursyNBP.app; sourceTree = BUILT_PRODUCTS_DIR; };
		7008AA6A272987530016A583 /* AppDelegate.swift */ = {isa = PBXFileReference; lastKnownFileType = sourcecode.swift; path = AppDelegate.swift; sourceTree = "<group>"; };
		7008AA6C272987530016A583 /* SceneDelegate.swift */ = {isa = PBXFileReference; lastKnownFileType = sourcecode.swift; path = SceneDelegate.swift; sourceTree = "<group>"; };
		7008AA6E272987530016A583 /* MainVC.swift */ = {isa = PBXFileReference; lastKnownFileType = sourcecode.swift; path = MainVC.swift; sourceTree = "<group>"; };
		7008AA73272987550016A583 /* Assets.xcassets */ = {isa = PBXFileReference; lastKnownFileType = folder.assetcatalog; path = Assets.xcassets; sourceTree = "<group>"; };
		7008AA76272987550016A583 /* Base */ = {isa = PBXFileReference; lastKnownFileType = file.storyboard; name = Base; path = Base.lproj/LaunchScreen.storyboard; sourceTree = "<group>"; };
		7008AA78272987550016A583 /* Info.plist */ = {isa = PBXFileReference; lastKnownFileType = text.plist.xml; path = Info.plist; sourceTree = "<group>"; };
		7008AA7D272987550016A583 /* KursyNBPTests.xctest */ = {isa = PBXFileReference; explicitFileType = wrapper.cfbundle; includeInIndex = 0; path = KursyNBPTests.xctest; sourceTree = BUILT_PRODUCTS_DIR; };
		7008AA81272987550016A583 /* KursyNBPTests.swift */ = {isa = PBXFileReference; lastKnownFileType = sourcecode.swift; path = KursyNBPTests.swift; sourceTree = "<group>"; };
		7008AA87272987550016A583 /* KursyNBPUITests.xctest */ = {isa = PBXFileReference; explicitFileType = wrapper.cfbundle; includeInIndex = 0; path = KursyNBPUITests.xctest; sourceTree = BUILT_PRODUCTS_DIR; };
		70269361272C0E8A00B9C8DD /* DetailsVC.swift */ = {isa = PBXFileReference; lastKnownFileType = sourcecode.swift; path = DetailsVC.swift; sourceTree = "<group>"; };
		70269363272C0ED500B9C8DD /* MainViewCell.swift */ = {isa = PBXFileReference; lastKnownFileType = sourcecode.swift; path = MainViewCell.swift; sourceTree = "<group>"; };
		70269365272C0EE300B9C8DD /* DetailViewCell.swift */ = {isa = PBXFileReference; lastKnownFileType = sourcecode.swift; path = DetailViewCell.swift; sourceTree = "<group>"; };
		70269369272C392000B9C8DD /* DispatchQueue.swift */ = {isa = PBXFileReference; lastKnownFileType = sourcecode.swift; path = DispatchQueue.swift; sourceTree = "<group>"; };
		7026936D272C479000B9C8DD /* ABTable.swift */ = {isa = PBXFileReference; lastKnownFileType = sourcecode.swift; path = ABTable.swift; sourceTree = "<group>"; };
		7026936F272C4F6000B9C8DD /* Networking.swift */ = {isa = PBXFileReference; lastKnownFileType = sourcecode.swift; path = Networking.swift; sourceTree = "<group>"; };
		70269376272C545200B9C8DD /* DataService.swift */ = {isa = PBXFileReference; lastKnownFileType = sourcecode.swift; path = DataService.swift; sourceTree = "<group>"; };
		70269378272C54D200B9C8DD /* CTable.swift */ = {isa = PBXFileReference; lastKnownFileType = sourcecode.swift; path = CTable.swift; sourceTree = "<group>"; };
		7026937A272C5FC400B9C8DD /* Currency.swift */ = {isa = PBXFileReference; lastKnownFileType = sourcecode.swift; path = Currency.swift; sourceTree = "<group>"; };
		70269380272C918800B9C8DD /* Helpers.swift */ = {isa = PBXFileReference; lastKnownFileType = sourcecode.swift; path = Helpers.swift; sourceTree = "<group>"; };
		70269382272D46EF00B9C8DD /* Decimal.swift */ = {isa = PBXFileReference; lastKnownFileType = sourcecode.swift; path = Decimal.swift; sourceTree = "<group>"; };
		702693842730371A00B9C8DD /* Main.storyboard */ = {isa = PBXFileReference; fileEncoding = 4; lastKnownFileType = file.storyboard; path = Main.storyboard; sourceTree = "<group>"; };
		7026938627304F0C00B9C8DD /* Errors.swift */ = {isa = PBXFileReference; lastKnownFileType = sourcecode.swift; path = Errors.swift; sourceTree = "<group>"; };
		70893820273102C900942294 /* ABTableHist.swift */ = {isa = PBXFileReference; lastKnownFileType = sourcecode.swift; name = ABTableHist.swift; path = "../../../../../../Desktop/Good.Energy System/ABTableHist.swift"; sourceTree = "<group>"; };
		70893822273102DB00942294 /* CTableHist.swift */ = {isa = PBXFileReference; lastKnownFileType = sourcecode.swift; path = CTableHist.swift; sourceTree = "<group>"; };
/* End PBXFileReference section */

/* Begin PBXFrameworksBuildPhase section */
		7008AA64272987530016A583 /* Frameworks */ = {
			isa = PBXFrameworksBuildPhase;
			buildActionMask = 2147483647;
			files = (
			);
			runOnlyForDeploymentPostprocessing = 0;
		};
		7008AA7A272987550016A583 /* Frameworks */ = {
			isa = PBXFrameworksBuildPhase;
			buildActionMask = 2147483647;
			files = (
			);
			runOnlyForDeploymentPostprocessing = 0;
		};
		7008AA84272987550016A583 /* Frameworks */ = {
			isa = PBXFrameworksBuildPhase;
			buildActionMask = 2147483647;
			files = (
			);
			runOnlyForDeploymentPostprocessing = 0;
		};
/* End PBXFrameworksBuildPhase section */

/* Begin PBXGroup section */
		7008AA5E272987530016A583 = {
			isa = PBXGroup;
			children = (
				7008AA69272987530016A583 /* KursyNBP */,
				7008AA80272987550016A583 /* KursyNBPTests */,
				7008AA68272987530016A583 /* Products */,
			);
			sourceTree = "<group>";
		};
		7008AA68272987530016A583 /* Products */ = {
			isa = PBXGroup;
			children = (
				7008AA67272987530016A583 /* KursyNBP.app */,
				7008AA7D272987550016A583 /* KursyNBPTests.xctest */,
				7008AA87272987550016A583 /* KursyNBPUITests.xctest */,
			);
			name = Products;
			sourceTree = "<group>";
		};
		7008AA69272987530016A583 /* KursyNBP */ = {
			isa = PBXGroup;
			children = (
				70269375272C53C700B9C8DD /* Helpers */,
				70269368272C390500B9C8DD /* Extensions */,
				70269367272C115000B9C8DD /* Services */,
				7008AA9C272B248C0016A583 /* Controller */,
				7008AA9B272B24810016A583 /* View */,
				7008AA9A272B24780016A583 /* Model */,
				7008AA6A272987530016A583 /* AppDelegate.swift */,
				702693842730371A00B9C8DD /* Main.storyboard */,
				7008AA6C272987530016A583 /* SceneDelegate.swift */,
				7008AA73272987550016A583 /* Assets.xcassets */,
				7008AA75272987550016A583 /* LaunchScreen.storyboard */,
				7008AA78272987550016A583 /* Info.plist */,
			);
			path = KursyNBP;
			sourceTree = "<group>";
		};
		7008AA80272987550016A583 /* KursyNBPTests */ = {
			isa = PBXGroup;
			children = (
				7008AA81272987550016A583 /* KursyNBPTests.swift */,
			);
			path = KursyNBPTests;
			sourceTree = "<group>";
		};
		7008AA9A272B24780016A583 /* Model */ = {
			isa = PBXGroup;
			children = (
				7026936D272C479000B9C8DD /* ABTable.swift */,
				70269378272C54D200B9C8DD /* CTable.swift */,
				7026937A272C5FC400B9C8DD /* Currency.swift */,
				70893820273102C900942294 /* ABTableHist.swift */,
				70893822273102DB00942294 /* CTableHist.swift */,
			);
			path = Model;
			sourceTree = "<group>";
		};
		7008AA9B272B24810016A583 /* View */ = {
			isa = PBXGroup;
			children = (
				70269363272C0ED500B9C8DD /* MainViewCell.swift */,
				70269365272C0EE300B9C8DD /* DetailViewCell.swift */,
			);
			path = View;
			sourceTree = "<group>";
		};
		7008AA9C272B248C0016A583 /* Controller */ = {
			isa = PBXGroup;
			children = (
				7008AA6E272987530016A583 /* MainVC.swift */,
				70269361272C0E8A00B9C8DD /* DetailsVC.swift */,
			);
			path = Controller;
			sourceTree = "<group>";
		};
		70269367272C115000B9C8DD /* Services */ = {
			isa = PBXGroup;
			children = (
				7026936F272C4F6000B9C8DD /* Networking.swift */,
				70269376272C545200B9C8DD /* DataService.swift */,
			);
			path = Services;
			sourceTree = "<group>";
		};
		70269368272C390500B9C8DD /* Extensions */ = {
			isa = PBXGroup;
			children = (
				70269369272C392000B9C8DD /* DispatchQueue.swift */,
				70269382272D46EF00B9C8DD /* Decimal.swift */,
			);
			path = Extensions;
			sourceTree = "<group>";
		};
		70269375272C53C700B9C8DD /* Helpers */ = {
			isa = PBXGroup;
			children = (
				70269380272C918800B9C8DD /* Helpers.swift */,
				7026938627304F0C00B9C8DD /* Errors.swift */,
				702693882730506100B9C8DD /* New Group */,
			);
			path = Helpers;
			sourceTree = "<group>";
		};
		702693882730506100B9C8DD /* New Group */ = {
			isa = PBXGroup;
			children = (
			);
			path = "New Group";
			sourceTree = "<group>";
		};
/* End PBXGroup section */

/* Begin PBXNativeTarget section */
		7008AA66272987530016A583 /* KursyNBP */ = {
			isa = PBXNativeTarget;
			buildConfigurationList = 7008AA91272987550016A583 /* Build configuration list for PBXNativeTarget "KursyNBP" */;
			buildPhases = (
				7008AA63272987530016A583 /* Sources */,
				7008AA64272987530016A583 /* Frameworks */,
				7008AA65272987530016A583 /* Resources */,
			);
			buildRules = (
			);
			dependencies = (
			);
			name = KursyNBP;
			productName = KursyNBP;
			productReference = 7008AA67272987530016A583 /* KursyNBP.app */;
			productType = "com.apple.product-type.application";
		};
		7008AA7C272987550016A583 /* KursyNBPTests */ = {
			isa = PBXNativeTarget;
			buildConfigurationList = 7008AA94272987550016A583 /* Build configuration list for PBXNativeTarget "KursyNBPTests" */;
			buildPhases = (
				7008AA79272987550016A583 /* Sources */,
				7008AA7A272987550016A583 /* Frameworks */,
				7008AA7B272987550016A583 /* Resources */,
			);
			buildRules = (
			);
			dependencies = (
				7008AA7F272987550016A583 /* PBXTargetDependency */,
			);
			name = KursyNBPTests;
			productName = KursyNBPTests;
			productReference = 7008AA7D272987550016A583 /* KursyNBPTests.xctest */;
			productType = "com.apple.product-type.bundle.unit-test";
		};
		7008AA86272987550016A583 /* KursyNBPUITests */ = {
			isa = PBXNativeTarget;
			buildConfigurationList = 7008AA97272987550016A583 /* Build configuration list for PBXNativeTarget "KursyNBPUITests" */;
			buildPhases = (
				7008AA83272987550016A583 /* Sources */,
				7008AA84272987550016A583 /* Frameworks */,
				7008AA85272987550016A583 /* Resources */,
			);
			buildRules = (
			);
			dependencies = (
				7008AA89272987550016A583 /* PBXTargetDependency */,
			);
			name = KursyNBPUITests;
			productName = KursyNBPUITests;
			productReference = 7008AA87272987550016A583 /* KursyNBPUITests.xctest */;
			productType = "com.apple.product-type.bundle.ui-testing";
		};
/* End PBXNativeTarget section */

/* Begin PBXProject section */
		7008AA5F272987530016A583 /* Project object */ = {
			isa = PBXProject;
			attributes = {
				BuildIndependentTargetsInParallel = 1;
				LastSwiftUpdateCheck = 1310;
				LastUpgradeCheck = 1310;
				TargetAttributes = {
					7008AA66272987530016A583 = {
						CreatedOnToolsVersion = 13.1;
					};
					7008AA7C272987550016A583 = {
						CreatedOnToolsVersion = 13.1;
						TestTargetID = 7008AA66272987530016A583;
					};
					7008AA86272987550016A583 = {
						CreatedOnToolsVersion = 13.1;
						TestTargetID = 7008AA66272987530016A583;
					};
				};
			};
			buildConfigurationList = 7008AA62272987530016A583 /* Build configuration list for PBXProject "KursyNBP" */;
			compatibilityVersion = "Xcode 13.0";
			developmentRegion = en;
			hasScannedForEncodings = 0;
			knownRegions = (
				en,
				Base,
			);
			mainGroup = 7008AA5E272987530016A583;
			productRefGroup = 7008AA68272987530016A583 /* Products */;
			projectDirPath = "";
			projectRoot = "";
			targets = (
				7008AA66272987530016A583 /* KursyNBP */,
				7008AA7C272987550016A583 /* KursyNBPTests */,
				7008AA86272987550016A583 /* KursyNBPUITests */,
			);
		};
/* End PBXProject section */

/* Begin PBXResourcesBuildPhase section */
		7008AA65272987530016A583 /* Resources */ = {
			isa = PBXResourcesBuildPhase;
			buildActionMask = 2147483647;
			files = (
				702693852730371A00B9C8DD /* Main.storyboard in Resources */,
				7008AA77272987550016A583 /* LaunchScreen.storyboard in Resources */,
				7008AA74272987550016A583 /* Assets.xcassets in Resources */,
			);
			runOnlyForDeploymentPostprocessing = 0;
		};
		7008AA7B272987550016A583 /* Resources */ = {
			isa = PBXResourcesBuildPhase;
			buildActionMask = 2147483647;
			files = (
			);
			runOnlyForDeploymentPostprocessing = 0;
		};
		7008AA85272987550016A583 /* Resources */ = {
			isa = PBXResourcesBuildPhase;
			buildActionMask = 2147483647;
			files = (
			);
			runOnlyForDeploymentPostprocessing = 0;
		};
/* End PBXResourcesBuildPhase section */

/* Begin PBXSourcesBuildPhase section */
		7008AA63272987530016A583 /* Sources */ = {
			isa = PBXSourcesBuildPhase;
			buildActionMask = 2147483647;
			files = (
				70269379272C54D200B9C8DD /* CTable.swift in Sources */,
				7026938727304F0C00B9C8DD /* Errors.swift in Sources */,
				70269381272C918800B9C8DD /* Helpers.swift in Sources */,
				70269364272C0ED500B9C8DD /* MainViewCell.swift in Sources */,
				70269370272C4F6000B9C8DD /* Networking.swift in Sources */,
				70893823273102DB00942294 /* CTableHist.swift in Sources */,
				70269377272C545200B9C8DD /* DataService.swift in Sources */,
				7008AA6F272987530016A583 /* MainVC.swift in Sources */,
				70269362272C0E8A00B9C8DD /* DetailsVC.swift in Sources */,
				70269366272C0EE300B9C8DD /* DetailViewCell.swift in Sources */,
				70269383272D46EF00B9C8DD /* Decimal.swift in Sources */,
				7008AA6B272987530016A583 /* AppDelegate.swift in Sources */,
				7026936A272C392000B9C8DD /* DispatchQueue.swift in Sources */,
				7026936E272C479000B9C8DD /* ABTable.swift in Sources */,
				7026937B272C5FC400B9C8DD /* Currency.swift in Sources */,
				7008AA6D272987530016A583 /* SceneDelegate.swift in Sources */,
				70893821273102C900942294 /* ABTableHist.swift in Sources */,
			);
			runOnlyForDeploymentPostprocessing = 0;
		};
		7008AA79272987550016A583 /* Sources */ = {
			isa = PBXSourcesBuildPhase;
			buildActionMask = 2147483647;
			files = (
				7008AA82272987550016A583 /* KursyNBPTests.swift in Sources */,
			);
			runOnlyForDeploymentPostprocessing = 0;
		};
		7008AA83272987550016A583 /* Sources */ = {
			isa = PBXSourcesBuildPhase;
			buildActionMask = 2147483647;
			files = (
			);
			runOnlyForDeploymentPostprocessing = 0;
		};
/* End PBXSourcesBuildPhase section */

/* Begin PBXTargetDependency section */
		7008AA7F272987550016A583 /* PBXTargetDependency */ = {
			isa = PBXTargetDependency;
			target = 7008AA66272987530016A583 /* KursyNBP */;
			targetProxy = 7008AA7E272987550016A583 /* PBXContainerItemProxy */;
		};
		7008AA89272987550016A583 /* PBXTargetDependency */ = {
			isa = PBXTargetDependency;
			target = 7008AA66272987530016A583 /* KursyNBP */;
			targetProxy = 7008AA88272987550016A583 /* PBXContainerItemProxy */;
		};
/* End PBXTargetDependency section */

/* Begin PBXVariantGroup section */
		7008AA75272987550016A583 /* LaunchScreen.storyboard */ = {
			isa = PBXVariantGroup;
			children = (
				7008AA76272987550016A583 /* Base */,
			);
			name = LaunchScreen.storyboard;
			sourceTree = "<group>";
		};
/* End PBXVariantGroup section */

/* Begin XCBuildConfiguration section */
		7008AA8F272987550016A583 /* Debug */ = {
			isa = XCBuildConfiguration;
			buildSettings = {
				ALWAYS_SEARCH_USER_PATHS = NO;
				CLANG_ANALYZER_NONNULL = YES;
				CLANG_ANALYZER_NUMBER_OBJECT_CONVERSION = YES_AGGRESSIVE;
				CLANG_CXX_LANGUAGE_STANDARD = "gnu++17";
				CLANG_CXX_LIBRARY = "libc++";
				CLANG_ENABLE_MODULES = YES;
				CLANG_ENABLE_OBJC_ARC = YES;
				CLANG_ENABLE_OBJC_WEAK = YES;
				CLANG_WARN_BLOCK_CAPTURE_AUTORELEASING = YES;
				CLANG_WARN_BOOL_CONVERSION = YES;
				CLANG_WARN_COMMA = YES;
				CLANG_WARN_CONSTANT_CONVERSION = YES;
				CLANG_WARN_DEPRECATED_OBJC_IMPLEMENTATIONS = YES;
				CLANG_WARN_DIRECT_OBJC_ISA_USAGE = YES_ERROR;
				CLANG_WARN_DOCUMENTATION_COMMENTS = YES;
				CLANG_WARN_EMPTY_BODY = YES;
				CLANG_WARN_ENUM_CONVERSION = YES;
				CLANG_WARN_INFINITE_RECURSION = YES;
				CLANG_WARN_INT_CONVERSION = YES;
				CLANG_WARN_NON_LITERAL_NULL_CONVERSION = YES;
				CLANG_WARN_OBJC_IMPLICIT_RETAIN_SELF = YES;
				CLANG_WARN_OBJC_LITERAL_CONVERSION = YES;
				CLANG_WARN_OBJC_ROOT_CLASS = YES_ERROR;
				CLANG_WARN_QUOTED_INCLUDE_IN_FRAMEWORK_HEADER = YES;
				CLANG_WARN_RANGE_LOOP_ANALYSIS = YES;
				CLANG_WARN_STRICT_PROTOTYPES = YES;
				CLANG_WARN_SUSPICIOUS_MOVE = YES;
				CLANG_WARN_UNGUARDED_AVAILABILITY = YES_AGGRESSIVE;
				CLANG_WARN_UNREACHABLE_CODE = YES;
				CLANG_WARN__DUPLICATE_METHOD_MATCH = YES;
				COPY_PHASE_STRIP = NO;
				DEBUG_INFORMATION_FORMAT = dwarf;
				ENABLE_STRICT_OBJC_MSGSEND = YES;
				ENABLE_TESTABILITY = YES;
				GCC_C_LANGUAGE_STANDARD = gnu11;
				GCC_DYNAMIC_NO_PIC = NO;
				GCC_NO_COMMON_BLOCKS = YES;
				GCC_OPTIMIZATION_LEVEL = 0;
				GCC_PREPROCESSOR_DEFINITIONS = (
					"DEBUG=1",
					"$(inherited)",
				);
				GCC_WARN_64_TO_32_BIT_CONVERSION = YES;
				GCC_WARN_ABOUT_RETURN_TYPE = YES_ERROR;
				GCC_WARN_UNDECLARED_SELECTOR = YES;
				GCC_WARN_UNINITIALIZED_AUTOS = YES_AGGRESSIVE;
				GCC_WARN_UNUSED_FUNCTION = YES;
				GCC_WARN_UNUSED_VARIABLE = YES;
				IPHONEOS_DEPLOYMENT_TARGET = 10.0;
				MTL_ENABLE_DEBUG_INFO = INCLUDE_SOURCE;
				MTL_FAST_MATH = YES;
				ONLY_ACTIVE_ARCH = YES;
				SDKROOT = iphoneos;
				SWIFT_ACTIVE_COMPILATION_CONDITIONS = DEBUG;
				SWIFT_OPTIMIZATION_LEVEL = "-Onone";
			};
			name = Debug;
		};
		7008AA90272987550016A583 /* Release */ = {
			isa = XCBuildConfiguration;
			buildSettings = {
				ALWAYS_SEARCH_USER_PATHS = NO;
				CLANG_ANALYZER_NONNULL = YES;
				CLANG_ANALYZER_NUMBER_OBJECT_CONVERSION = YES_AGGRESSIVE;
				CLANG_CXX_LANGUAGE_STANDARD = "gnu++17";
				CLANG_CXX_LIBRARY = "libc++";
				CLANG_ENABLE_MODULES = YES;
				CLANG_ENABLE_OBJC_ARC = YES;
				CLANG_ENABLE_OBJC_WEAK = YES;
				CLANG_WARN_BLOCK_CAPTURE_AUTORELEASING = YES;
				CLANG_WARN_BOOL_CONVERSION = YES;
				CLANG_WARN_COMMA = YES;
				CLANG_WARN_CONSTANT_CONVERSION = YES;
				CLANG_WARN_DEPRECATED_OBJC_IMPLEMENTATIONS = YES;
				CLANG_WARN_DIRECT_OBJC_ISA_USAGE = YES_ERROR;
				CLANG_WARN_DOCUMENTATION_COMMENTS = YES;
				CLANG_WARN_EMPTY_BODY = YES;
				CLANG_WARN_ENUM_CONVERSION = YES;
				CLANG_WARN_INFINITE_RECURSION = YES;
				CLANG_WARN_INT_CONVERSION = YES;
				CLANG_WARN_NON_LITERAL_NULL_CONVERSION = YES;
				CLANG_WARN_OBJC_IMPLICIT_RETAIN_SELF = YES;
				CLANG_WARN_OBJC_LITERAL_CONVERSION = YES;
				CLANG_WARN_OBJC_ROOT_CLASS = YES_ERROR;
				CLANG_WARN_QUOTED_INCLUDE_IN_FRAMEWORK_HEADER = YES;
				CLANG_WARN_RANGE_LOOP_ANALYSIS = YES;
				CLANG_WARN_STRICT_PROTOTYPES = YES;
				CLANG_WARN_SUSPICIOUS_MOVE = YES;
				CLANG_WARN_UNGUARDED_AVAILABILITY = YES_AGGRESSIVE;
				CLANG_WARN_UNREACHABLE_CODE = YES;
				CLANG_WARN__DUPLICATE_METHOD_MATCH = YES;
				COPY_PHASE_STRIP = NO;
				DEBUG_INFORMATION_FORMAT = "dwarf-with-dsym";
				ENABLE_NS_ASSERTIONS = NO;
				ENABLE_STRICT_OBJC_MSGSEND = YES;
				GCC_C_LANGUAGE_STANDARD = gnu11;
				GCC_NO_COMMON_BLOCKS = YES;
				GCC_WARN_64_TO_32_BIT_CONVERSION = YES;
				GCC_WARN_ABOUT_RETURN_TYPE = YES_ERROR;
				GCC_WARN_UNDECLARED_SELECTOR = YES;
				GCC_WARN_UNINITIALIZED_AUTOS = YES_AGGRESSIVE;
				GCC_WARN_UNUSED_FUNCTION = YES;
				GCC_WARN_UNUSED_VARIABLE = YES;
				IPHONEOS_DEPLOYMENT_TARGET = 10.0;
				MTL_ENABLE_DEBUG_INFO = NO;
				MTL_FAST_MATH = YES;
				SDKROOT = iphoneos;
				SWIFT_COMPILATION_MODE = wholemodule;
				SWIFT_OPTIMIZATION_LEVEL = "-O";
				VALIDATE_PRODUCT = YES;
			};
			name = Release;
		};
		7008AA92272987550016A583 /* Debug */ = {
			isa = XCBuildConfiguration;
			buildSettings = {
				ASSETCATALOG_COMPILER_APPICON_NAME = AppIcon;
				ASSETCATALOG_COMPILER_GLOBAL_ACCENT_COLOR_NAME = AccentColor;
				CODE_SIGN_STYLE = Automatic;
				CURRENT_PROJECT_VERSION = 1;
				DEVELOPMENT_TEAM = 5DZ8G929RG;
				GENERATE_INFOPLIST_FILE = YES;
				INFOPLIST_FILE = KursyNBP/Info.plist;
				INFOPLIST_KEY_UIApplicationSupportsIndirectInputEvents = YES;
				INFOPLIST_KEY_UILaunchStoryboardName = LaunchScreen;
				INFOPLIST_KEY_UIMainStoryboardFile = Main;
				INFOPLIST_KEY_UISupportedInterfaceOrientations = UIInterfaceOrientationPortrait;
				INFOPLIST_KEY_UISupportedInterfaceOrientations_iPad = "UIInterfaceOrientationPortrait UIInterfaceOrientationPortraitUpsideDown UIInterfaceOrientationLandscapeLeft UIInterfaceOrientationLandscapeRight";
				INFOPLIST_KEY_UISupportedInterfaceOrientations_iPhone = "UIInterfaceOrientationPortrait UIInterfaceOrientationLandscapeLeft UIInterfaceOrientationLandscapeRight";
				IPHONEOS_DEPLOYMENT_TARGET = 14.0;
				LD_RUNPATH_SEARCH_PATHS = (
					"$(inherited)",
					"@executable_path/Frameworks",
				);
				MARKETING_VERSION = 1.0;
				PRODUCT_BUNDLE_IDENTIFIER = tklocek.KursyNBP;
				PRODUCT_NAME = "$(TARGET_NAME)";
				SWIFT_EMIT_LOC_STRINGS = YES;
				SWIFT_VERSION = 5.0;
				TARGETED_DEVICE_FAMILY = 1;
			};
			name = Debug;
		};
		7008AA93272987550016A583 /* Release */ = {
			isa = XCBuildConfiguration;
			buildSettings = {
				ASSETCATALOG_COMPILER_APPICON_NAME = AppIcon;
				ASSETCATALOG_COMPILER_GLOBAL_ACCENT_COLOR_NAME = AccentColor;
				CODE_SIGN_STYLE = Automatic;
				CURRENT_PROJECT_VERSION = 1;
				DEVELOPMENT_TEAM = 5DZ8G929RG;
				GENERATE_INFOPLIST_FILE = YES;
				INFOPLIST_FILE = KursyNBP/Info.plist;
				INFOPLIST_KEY_UIApplicationSupportsIndirectInputEvents = YES;
				INFOPLIST_KEY_UILaunchStoryboardName = LaunchScreen;
				INFOPLIST_KEY_UIMainStoryboardFile = Main;
				INFOPLIST_KEY_UISupportedInterfaceOrientations = UIInterfaceOrientationPortrait;
				INFOPLIST_KEY_UISupportedInterfaceOrientations_iPad = "UIInterfaceOrientationPortrait UIInterfaceOrientationPortraitUpsideDown UIInterfaceOrientationLandscapeLeft UIInterfaceOrientationLandscapeRight";
				INFOPLIST_KEY_UISupportedInterfaceOrientations_iPhone = "UIInterfaceOrientationPortrait UIInterfaceOrientationLandscapeLeft UIInterfaceOrientationLandscapeRight";
				IPHONEOS_DEPLOYMENT_TARGET = 14.0;
				LD_RUNPATH_SEARCH_PATHS = (
					"$(inherited)",
					"@executable_path/Frameworks",
				);
				MARKETING_VERSION = 1.0;
				PRODUCT_BUNDLE_IDENTIFIER = tklocek.KursyNBP;
				PRODUCT_NAME = "$(TARGET_NAME)";
				SWIFT_EMIT_LOC_STRINGS = YES;
				SWIFT_VERSION = 5.0;
				TARGETED_DEVICE_FAMILY = 1;
			};
			name = Release;
		};
		7008AA95272987550016A583 /* Debug */ = {
			isa = XCBuildConfiguration;
			buildSettings = {
				ALWAYS_EMBED_SWIFT_STANDARD_LIBRARIES = YES;
				BUNDLE_LOADER = "$(TEST_HOST)";
				"CODE_SIGN_IDENTITY[sdk=macosx*]" = "Apple Development";
				CODE_SIGN_STYLE = Automatic;
				CURRENT_PROJECT_VERSION = 1;
				DEVELOPMENT_TEAM = 5DZ8G929RG;
				GENERATE_INFOPLIST_FILE = YES;
				IPHONEOS_DEPLOYMENT_TARGET = 15.0;
				LD_RUNPATH_SEARCH_PATHS = (
					"$(inherited)",
					"@executable_path/Frameworks",
					"@loader_path/Frameworks",
				);
				MARKETING_VERSION = 1.0;
				PRODUCT_BUNDLE_IDENTIFIER = tklocek.KursyNBPTests;
				PRODUCT_NAME = "$(TARGET_NAME)";
				SWIFT_EMIT_LOC_STRINGS = NO;
				SWIFT_VERSION = 5.0;
				TARGETED_DEVICE_FAMILY = "1,2";
				TEST_HOST = "$(BUILT_PRODUCTS_DIR)/KursyNBP.app/KursyNBP";
			};
			name = Debug;
		};
		7008AA96272987550016A583 /* Release */ = {
			isa = XCBuildConfiguration;
			buildSettings = {
				ALWAYS_EMBED_SWIFT_STANDARD_LIBRARIES = YES;
				BUNDLE_LOADER = "$(TEST_HOST)";
				"CODE_SIGN_IDENTITY[sdk=macosx*]" = "Apple Development";
				CODE_SIGN_STYLE = Automatic;
				CURRENT_PROJECT_VERSION = 1;
				DEVELOPMENT_TEAM = 5DZ8G929RG;
				GENERATE_INFOPLIST_FILE = YES;
				IPHONEOS_DEPLOYMENT_TARGET = 15.0;
				LD_RUNPATH_SEARCH_PATHS = (
					"$(inherited)",
					"@executable_path/Frameworks",
					"@loader_path/Frameworks",
				);
				MARKETING_VERSION = 1.0;
				PRODUCT_BUNDLE_IDENTIFIER = tklocek.KursyNBPTests;
				PRODUCT_NAME = "$(TARGET_NAME)";
				SWIFT_EMIT_LOC_STRINGS = NO;
				SWIFT_VERSION = 5.0;
				TARGETED_DEVICE_FAMILY = "1,2";
				TEST_HOST = "$(BUILT_PRODUCTS_DIR)/KursyNBP.app/KursyNBP";
			};
			name = Release;
		};
		7008AA98272987550016A583 /* Debug */ = {
			isa = XCBuildConfiguration;
			buildSettings = {
				ALWAYS_EMBED_SWIFT_STANDARD_LIBRARIES = YES;
				CODE_SIGN_STYLE = Automatic;
				CURRENT_PROJECT_VERSION = 1;
				DEVELOPMENT_TEAM = 5DZ8G929RG;
				GENERATE_INFOPLIST_FILE = YES;
				LD_RUNPATH_SEARCH_PATHS = (
					"$(inherited)",
					"@executable_path/Frameworks",
					"@loader_path/Frameworks",
				);
				MARKETING_VERSION = 1.0;
				PRODUCT_BUNDLE_IDENTIFIER = tklocek.KursyNBPUITests;
				PRODUCT_NAME = "$(TARGET_NAME)";
				SWIFT_EMIT_LOC_STRINGS = NO;
				SWIFT_VERSION = 5.0;
				TARGETED_DEVICE_FAMILY = "1,2";
				TEST_TARGET_NAME = KursyNBP;
			};
			name = Debug;
		};
		7008AA99272987550016A583 /* Release */ = {
			isa = XCBuildConfiguration;
			buildSettings = {
				ALWAYS_EMBED_SWIFT_STANDARD_LIBRARIES = YES;
				CODE_SIGN_STYLE = Automatic;
				CURRENT_PROJECT_VERSION = 1;
				DEVELOPMENT_TEAM = 5DZ8G929RG;
				GENERATE_INFOPLIST_FILE = YES;
				LD_RUNPATH_SEARCH_PATHS = (
					"$(inherited)",
					"@executable_path/Frameworks",
					"@loader_path/Frameworks",
				);
				MARKETING_VERSION = 1.0;
				PRODUCT_BUNDLE_IDENTIFIER = tklocek.KursyNBPUITests;
				PRODUCT_NAME = "$(TARGET_NAME)";
				SWIFT_EMIT_LOC_STRINGS = NO;
				SWIFT_VERSION = 5.0;
				TARGETED_DEVICE_FAMILY = "1,2";
				TEST_TARGET_NAME = KursyNBP;
			};
			name = Release;
		};
/* End XCBuildConfiguration section */

/* Begin XCConfigurationList section */
		7008AA62272987530016A583 /* Build configuration list for PBXProject "KursyNBP" */ = {
			isa = XCConfigurationList;
			buildConfigurations = (
				7008AA8F272987550016A583 /* Debug */,
				7008AA90272987550016A583 /* Release */,
			);
			defaultConfigurationIsVisible = 0;
			defaultConfigurationName = Release;
		};
		7008AA91272987550016A583 /* Build configuration list for PBXNativeTarget "KursyNBP" */ = {
			isa = XCConfigurationList;
			buildConfigurations = (
				7008AA92272987550016A583 /* Debug */,
				7008AA93272987550016A583 /* Release */,
			);
			defaultConfigurationIsVisible = 0;
			defaultConfigurationName = Release;
		};
		7008AA94272987550016A583 /* Build configuration list for PBXNativeTarget "KursyNBPTests" */ = {
			isa = XCConfigurationList;
			buildConfigurations = (
				7008AA95272987550016A583 /* Debug */,
				7008AA96272987550016A583 /* Release */,
			);
			defaultConfigurationIsVisible = 0;
			defaultConfigurationName = Release;
		};
		7008AA97272987550016A583 /* Build configuration list for PBXNativeTarget "KursyNBPUITests" */ = {
			isa = XCConfigurationList;
			buildConfigurations = (
				7008AA98272987550016A583 /* Debug */,
				7008AA99272987550016A583 /* Release */,
			);
			defaultConfigurationIsVisible = 0;
			defaultConfigurationName = Release;
		};
/* End XCConfigurationList section */
	};
	rootObject = 7008AA5F272987530016A583 /* Project object */;
}
